
Microsoft Visual Studio Solution File, Format Version 12.00
# Visual Studio Version 17
VisualStudioVersion = 17.3.32922.545
MinimumVisualStudioVersion = 10.0.40219.1
Project("{FAE04EC0-301F-11D3-BF4B-00C04F79EFBC}") = "AE_del_CPPl", "AE_del_CPPl\AE_del_CPPl.csproj", "{48D21EE9-C9D9-4E25-96C6-CBC13CCD5802}"
EndProject
Global
	GlobalSection(SolutionConfigurationPlatforms) = preSolution
		Debug|Any CPU = Debug|Any CPU
		Debug|x64 = Debug|x64
		Debug|x86 = Debug|x86
		Release|Any CPU = Release|Any CPU
		Release|x64 = Release|x64
		Release|x86 = Release|x86
	EndGlobalSection
	GlobalSection(ProjectConfigurationPlatforms) = postSolution
		{48D21EE9-C9D9-4E25-96C6-CBC13CCD5802}.Debug|Any CPU.ActiveCfg = Debug|Any CPU
		{48D21EE9-C9D9-4E25-96C6-CBC13CCD5802}.Debug|Any CPU.Build.0 = Debug|Any CPU
		{48D21EE9-C9D9-4E25-96C6-CBC13CCD5802}.Debug|x64.ActiveCfg = Debug|x64
		{48D21EE9-C9D9-4E25-96C6-CBC13CCD5802}.Debug|x64.Build.0 = Debug|x64
		{48D21EE9-C9D9-4E25-96C6-CBC13CCD5802}.Debug|x86.ActiveCfg = Debug|x86
		{48D21EE9-C9D9-4E25-96C6-CBC13CCD5802}.Debug|x86.Build.0 = Debug|x86
		{48D21EE9-C9D9-4E25-96C6-CBC13CCD5802}.Release|Any CPU.ActiveCfg = Release|Any CPU
		{48D21EE9-C9D9-4E25-96C6-CBC13CCD5802}.Release|Any CPU.Build.0 = Release|Any CPU
		{48D21EE9-C9D9-4E25-96C6-CBC13CCD5802}.Release|x64.ActiveCfg = Release|x64
		{48D21EE9-C9D9-4E25-96C6-CBC13CCD5802}.Release|x64.Build.0 = Release|x64
		{48D21EE9-C9D9-4E25-96C6-CBC13CCD5802}.Release|x86.ActiveCfg = Release|x86
		{48D21EE9-C9D9-4E25-96C6-CBC13CCD5802}.Release|x86.Build.0 = Release|x86
	EndGlobalSection
	GlobalSection(SolutionProperties) = preSolution
		HideSolutionNode = FALSE
	EndGlobalSection
	GlobalSection(ExtensibilityGlobals) = postSolution
		SolutionGuid = {4BCC8260-10D2-48CE-93B1-372B6A41164F}
	EndGlobalSection
EndGlobal
